
Microsoft Visual Studio Solution File, Format Version 12.00
# Visual Studio 15
VisualStudioVersion = 15.0.28307.539
MinimumVisualStudioVersion = 10.0.40219.1
Project("{FAE04EC0-301F-11D3-BF4B-00C04F79EFBC}") = "View", "View\View.csproj", "{3A6F69CD-9A73-4C13-8126-C84593BD6042}"
EndProject
Project("{FAE04EC0-301F-11D3-BF4B-00C04F79EFBC}") = "Model", "Model\Model.csproj", "{11C2C809-E1B1-4371-910E-DA8EEF30FD54}"
EndProject
Project("{FAE04EC0-301F-11D3-BF4B-00C04F79EFBC}") = "Repository", "Repository\Repository.csproj", "{D93DAA94-F930-4353-91A0-56BB69FEABA9}"
EndProject
Global
	GlobalSection(SolutionConfigurationPlatforms) = preSolution
		Debug|Any CPU = Debug|Any CPU
		Release|Any CPU = Release|Any CPU
	EndGlobalSection
	GlobalSection(ProjectConfigurationPlatforms) = postSolution
		{3A6F69CD-9A73-4C13-8126-C84593BD6042}.Debug|Any CPU.ActiveCfg = Debug|Any CPU
		{3A6F69CD-9A73-4C13-8126-C84593BD6042}.Debug|Any CPU.Build.0 = Debug|Any CPU
		{3A6F69CD-9A73-4C13-8126-C84593BD6042}.Release|Any CPU.ActiveCfg = Release|Any CPU
		{3A6F69CD-9A73-4C13-8126-C84593BD6042}.Release|Any CPU.Build.0 = Release|Any CPU
		{11C2C809-E1B1-4371-910E-DA8EEF30FD54}.Debug|Any CPU.ActiveCfg = Debug|Any CPU
		{11C2C809-E1B1-4371-910E-DA8EEF30FD54}.Debug|Any CPU.Build.0 = Debug|Any CPU
		{11C2C809-E1B1-4371-910E-DA8EEF30FD54}.Release|Any CPU.ActiveCfg = Release|Any CPU
		{11C2C809-E1B1-4371-910E-DA8EEF30FD54}.Release|Any CPU.Build.0 = Release|Any CPU
		{D93DAA94-F930-4353-91A0-56BB69FEABA9}.Debug|Any CPU.ActiveCfg = Debug|Any CPU
		{D93DAA94-F930-4353-91A0-56BB69FEABA9}.Debug|Any CPU.Build.0 = Debug|Any CPU
		{D93DAA94-F930-4353-91A0-56BB69FEABA9}.Release|Any CPU.ActiveCfg = Release|Any CPU
		{D93DAA94-F930-4353-91A0-56BB69FEABA9}.Release|Any CPU.Build.0 = Release|Any CPU
	EndGlobalSection
	GlobalSection(SolutionProperties) = preSolution
		HideSolutionNode = FALSE
	EndGlobalSection
	GlobalSection(ExtensibilityGlobals) = postSolution
		SolutionGuid = {12709C3B-28DD-482B-9100-89DFE4F6838D}
	EndGlobalSection
EndGlobal
